
Microsoft Visual Studio Solution File, Format Version 12.00
# Visual Studio Version 17
VisualStudioVersion = 17.2.32516.85
MinimumVisualStudioVersion = 10.0.40219.1
Project("{FAE04EC0-301F-11D3-BF4B-00C04F79EFBC}") = "MandhegParkingSystem", "MandhegParkingSystem\MandhegParkingSystem.csproj", "{278B06DE-6A07-4CC0-9CBB-9490AE076163}"
EndProject
Global
	GlobalSection(SolutionConfigurationPlatforms) = preSolution
		Debug|Any CPU = Debug|Any CPU
		Release|Any CPU = Release|Any CPU
	EndGlobalSection
	GlobalSection(ProjectConfigurationPlatforms) = postSolution
		{278B06DE-6A07-4CC0-9CBB-9490AE076163}.Debug|Any CPU.ActiveCfg = Debug|Any CPU
		{278B06DE-6A07-4CC0-9CBB-9490AE076163}.Debug|Any CPU.Build.0 = Debug|Any CPU
		{278B06DE-6A07-4CC0-9CBB-9490AE076163}.Release|Any CPU.ActiveCfg = Release|Any CPU
		{278B06DE-6A07-4CC0-9CBB-9490AE076163}.Release|Any CPU.Build.0 = Release|Any CPU
	EndGlobalSection
	GlobalSection(SolutionProperties) = preSolution
		HideSolutionNode = FALSE
	EndGlobalSection
	GlobalSection(ExtensibilityGlobals) = postSolution
		SolutionGuid = {EE22F5E9-A261-49CB-A35E-5BA1E6CBD75C}
	EndGlobalSection
EndGlobal
